
Microsoft Visual Studio Solution File, Format Version 12.00
Project("{FAE04EC0-301F-11D3-BF4B-00C04F79EFBC}") = "Geometry.Caclulator", "Geometry.Caclulator\Geometry.Caclulator.csproj", "{2FBB40A7-323B-4306-B7FC-7583EC22857A}"
EndProject
Global
	GlobalSection(SolutionConfigurationPlatforms) = preSolution
		Debug|Any CPU = Debug|Any CPU
		Release|Any CPU = Release|Any CPU
	EndGlobalSection
	GlobalSection(ProjectConfigurationPlatforms) = postSolution
		{2FBB40A7-323B-4306-B7FC-7583EC22857A}.Debug|Any CPU.ActiveCfg = Debug|Any CPU
		{2FBB40A7-323B-4306-B7FC-7583EC22857A}.Debug|Any CPU.Build.0 = Debug|Any CPU
		{2FBB40A7-323B-4306-B7FC-7583EC22857A}.Release|Any CPU.ActiveCfg = Release|Any CPU
		{2FBB40A7-323B-4306-B7FC-7583EC22857A}.Release|Any CPU.Build.0 = Release|Any CPU
	EndGlobalSection
EndGlobal
